
Microsoft Visual Studio Solution File, Format Version 12.00
# Visual Studio Version 17
VisualStudioVersion = 17.10.35013.160
MinimumVisualStudioVersion = 10.0.40219.1
Project("{FAE04EC0-301F-11D3-BF4B-00C04F79EFBC}") = "25.06.2024", "25.06.2024\25.06.2024.csproj", "{32B98166-6099-452E-B8BB-3756E446DCCA}"
EndProject
Global
	GlobalSection(SolutionConfigurationPlatforms) = preSolution
		Debug|Any CPU = Debug|Any CPU
		Release|Any CPU = Release|Any CPU
	EndGlobalSection
	GlobalSection(ProjectConfigurationPlatforms) = postSolution
		{32B98166-6099-452E-B8BB-3756E446DCCA}.Debug|Any CPU.ActiveCfg = Debug|Any CPU
		{32B98166-6099-452E-B8BB-3756E446DCCA}.Debug|Any CPU.Build.0 = Debug|Any CPU
		{32B98166-6099-452E-B8BB-3756E446DCCA}.Release|Any CPU.ActiveCfg = Release|Any CPU
		{32B98166-6099-452E-B8BB-3756E446DCCA}.Release|Any CPU.Build.0 = Release|Any CPU
	EndGlobalSection
	GlobalSection(SolutionProperties) = preSolution
		HideSolutionNode = FALSE
	EndGlobalSection
	GlobalSection(ExtensibilityGlobals) = postSolution
		SolutionGuid = {414CD935-56E8-43B8-A87D-81B7C2A93295}
	EndGlobalSection
EndGlobal
