
Microsoft Visual Studio Solution File, Format Version 12.00
# Visual Studio Version 17
VisualStudioVersion = 17.10.35013.160
MinimumVisualStudioVersion = 10.0.40219.1
Project("{FAE04EC0-301F-11D3-BF4B-00C04F79EFBC}") = "02.07.2024_2", "02.07.2024_2\02.07.2024_2.csproj", "{36075C6D-99F6-4546-8847-4E8C40C7E559}"
EndProject
Global
	GlobalSection(SolutionConfigurationPlatforms) = preSolution
		Debug|Any CPU = Debug|Any CPU
		Release|Any CPU = Release|Any CPU
	EndGlobalSection
	GlobalSection(ProjectConfigurationPlatforms) = postSolution
		{36075C6D-99F6-4546-8847-4E8C40C7E559}.Debug|Any CPU.ActiveCfg = Debug|Any CPU
		{36075C6D-99F6-4546-8847-4E8C40C7E559}.Debug|Any CPU.Build.0 = Debug|Any CPU
		{36075C6D-99F6-4546-8847-4E8C40C7E559}.Release|Any CPU.ActiveCfg = Release|Any CPU
		{36075C6D-99F6-4546-8847-4E8C40C7E559}.Release|Any CPU.Build.0 = Release|Any CPU
	EndGlobalSection
	GlobalSection(SolutionProperties) = preSolution
		HideSolutionNode = FALSE
	EndGlobalSection
	GlobalSection(ExtensibilityGlobals) = postSolution
		SolutionGuid = {3F558612-F478-43B1-A5F1-C7536859AFA4}
	EndGlobalSection
EndGlobal
