
Microsoft Visual Studio Solution File, Format Version 12.00
# Visual Studio Version 17
VisualStudioVersion = 17.10.35013.160
MinimumVisualStudioVersion = 10.0.40219.1
Project("{FAE04EC0-301F-11D3-BF4B-00C04F79EFBC}") = "3rd task", "3rd task\3rd task.csproj", "{C0F89B01-3391-44EB-8E20-B690DEE72928}"
EndProject
Global
	GlobalSection(SolutionConfigurationPlatforms) = preSolution
		Debug|Any CPU = Debug|Any CPU
		Release|Any CPU = Release|Any CPU
	EndGlobalSection
	GlobalSection(ProjectConfigurationPlatforms) = postSolution
		{C0F89B01-3391-44EB-8E20-B690DEE72928}.Debug|Any CPU.ActiveCfg = Debug|Any CPU
		{C0F89B01-3391-44EB-8E20-B690DEE72928}.Debug|Any CPU.Build.0 = Debug|Any CPU
		{C0F89B01-3391-44EB-8E20-B690DEE72928}.Release|Any CPU.ActiveCfg = Release|Any CPU
		{C0F89B01-3391-44EB-8E20-B690DEE72928}.Release|Any CPU.Build.0 = Release|Any CPU
	EndGlobalSection
	GlobalSection(SolutionProperties) = preSolution
		HideSolutionNode = FALSE
	EndGlobalSection
	GlobalSection(ExtensibilityGlobals) = postSolution
		SolutionGuid = {8510031E-E994-464B-B786-0A8848144C5D}
	EndGlobalSection
EndGlobal
