
Microsoft Visual Studio Solution File, Format Version 12.00
# Visual Studio Version 17
VisualStudioVersion = 17.10.35013.160
MinimumVisualStudioVersion = 10.0.40219.1
Project("{FAE04EC0-301F-11D3-BF4B-00C04F79EFBC}") = "secondC#Task", "secondC#Task\secondC#Task.csproj", "{DD51AEF5-CBC3-4FA8-A565-3E68E2759A78}"
EndProject
Global
	GlobalSection(SolutionConfigurationPlatforms) = preSolution
		Debug|Any CPU = Debug|Any CPU
		Release|Any CPU = Release|Any CPU
	EndGlobalSection
	GlobalSection(ProjectConfigurationPlatforms) = postSolution
		{DD51AEF5-CBC3-4FA8-A565-3E68E2759A78}.Debug|Any CPU.ActiveCfg = Debug|Any CPU
		{DD51AEF5-CBC3-4FA8-A565-3E68E2759A78}.Debug|Any CPU.Build.0 = Debug|Any CPU
		{DD51AEF5-CBC3-4FA8-A565-3E68E2759A78}.Release|Any CPU.ActiveCfg = Release|Any CPU
		{DD51AEF5-CBC3-4FA8-A565-3E68E2759A78}.Release|Any CPU.Build.0 = Release|Any CPU
	EndGlobalSection
	GlobalSection(SolutionProperties) = preSolution
		HideSolutionNode = FALSE
	EndGlobalSection
	GlobalSection(ExtensibilityGlobals) = postSolution
		SolutionGuid = {A80693C6-06E1-4F2D-90D5-D5E9FDE86D99}
	EndGlobalSection
EndGlobal
